
Microsoft Visual Studio Solution File, Format Version 12.00
# Visual Studio Version 16
VisualStudioVersion = 16.0.31112.23
MinimumVisualStudioVersion = 10.0.40219.1
Project("{FAE04EC0-301F-11D3-BF4B-00C04F79EFBC}") = "AggregateFunction", "AggregateFunction\AggregateFunction.csproj", "{6996BA11-77EC-461E-956D-5F3FB3437DF0}"
EndProject
Global
	GlobalSection(SolutionConfigurationPlatforms) = preSolution
		Debug|Any CPU = Debug|Any CPU
		Release|Any CPU = Release|Any CPU
	EndGlobalSection
	GlobalSection(ProjectConfigurationPlatforms) = postSolution
		{6996BA11-77EC-461E-956D-5F3FB3437DF0}.Debug|Any CPU.ActiveCfg = Debug|Any CPU
		{6996BA11-77EC-461E-956D-5F3FB3437DF0}.Debug|Any CPU.Build.0 = Debug|Any CPU
		{6996BA11-77EC-461E-956D-5F3FB3437DF0}.Release|Any CPU.ActiveCfg = Release|Any CPU
		{6996BA11-77EC-461E-956D-5F3FB3437DF0}.Release|Any CPU.Build.0 = Release|Any CPU
	EndGlobalSection
	GlobalSection(SolutionProperties) = preSolution
		HideSolutionNode = FALSE
	EndGlobalSection
	GlobalSection(ExtensibilityGlobals) = postSolution
		SolutionGuid = {61C0AB70-0A6A-46EA-95EF-83471AC10776}
	EndGlobalSection
EndGlobal
